
Microsoft Visual Studio Solution File, Format Version 12.00
# Visual Studio 15
Project("{FAE04EC0-301F-11D3-BF4B-00C04F79EFBC}") = "Assembly-CSharp", "Assembly-CSharp.csproj", "{7C7A532A-F3E5-6C25-E947-38975B7B2862}"
EndProject
Project("{FAE04EC0-301F-11D3-BF4B-00C04F79EFBC}") = "Assembly-CSharp-Editor", "Assembly-CSharp-Editor.csproj", "{3DAAE71B-34A9-9381-3B2E-DC934F05B63F}"
EndProject
Global
	GlobalSection(SolutionConfigurationPlatforms) = preSolution
		Debug|Any CPU = Debug|Any CPU
		Release|Any CPU = Release|Any CPU
	EndGlobalSection
	GlobalSection(ProjectConfigurationPlatforms) = postSolution
		{7C7A532A-F3E5-6C25-E947-38975B7B2862}.Debug|Any CPU.ActiveCfg = Debug|Any CPU
		{7C7A532A-F3E5-6C25-E947-38975B7B2862}.Debug|Any CPU.Build.0 = Debug|Any CPU
		{7C7A532A-F3E5-6C25-E947-38975B7B2862}.Release|Any CPU.ActiveCfg = Release|Any CPU
		{7C7A532A-F3E5-6C25-E947-38975B7B2862}.Release|Any CPU.Build.0 = Release|Any CPU
		{3DAAE71B-34A9-9381-3B2E-DC934F05B63F}.Debug|Any CPU.ActiveCfg = Debug|Any CPU
		{3DAAE71B-34A9-9381-3B2E-DC934F05B63F}.Debug|Any CPU.Build.0 = Debug|Any CPU
		{3DAAE71B-34A9-9381-3B2E-DC934F05B63F}.Release|Any CPU.ActiveCfg = Release|Any CPU
		{3DAAE71B-34A9-9381-3B2E-DC934F05B63F}.Release|Any CPU.Build.0 = Release|Any CPU
	EndGlobalSection
	GlobalSection(SolutionProperties) = preSolution
		HideSolutionNode = FALSE
	EndGlobalSection
EndGlobal
